<?xml version="1.0" encoding="utf-8"?>
<Project ToolsVersion="4.0" xmlns="http://schemas.microsoft.com/developer/msbuild/2003">
  <ItemGroup>
    <Filter Include="Headerdateien">
      <UniqueIdentifier>{93995380-89BD-4b04-88EB-625FBE52EBFB}</UniqueIdentifier>
      <Extensions>h;hh;hpp;hxx;hm;inl;inc;ipp;xsd</Extensions>
    </Filter>
    <Filter Include="include">
      <UniqueIdentifier>{edca9b4b-c843-46df-b6da-e0a5da63e962}</UniqueIdentifier>
    </Filter>
    <Filter Include="include\teamspeak">
      <UniqueIdentifier>{a45ca3b6-f512-4ee6-99ed-1fb830d99738}</UniqueIdentifier>
    </Filter>
    <Filter Include="include\teamlog">
      <UniqueIdentifier>{926c3469-d364-4237-aa2b-d46d5300f380}</UniqueIdentifier>
    </Filter>
    <Filter Include="include\res">
      <UniqueIdentifier>{67DA6AB6-F800-4c08-8B7A-83BB121AAD01}</UniqueIdentifier>
      <Extensions>rc;ico;cur;bmp;dlg;rc2;rct;bin;rgs;gif;jpg;jpeg;jpe;resx;tiff;tif;png;wav;mfcribbon-ms</Extensions>
    </Filter>
    <Filter Include="include\res\icons">
      <UniqueIdentifier>{9e4013d5-9bd2-4379-aa7a-a1ebc29611d4}</UniqueIdentifier>
    </Filter>
    <Filter Include="Menu Items">
      <UniqueIdentifier>{247cdcdb-6de3-4fec-9a4f-1ad24f79eaaf}</UniqueIdentifier>
    </Filter>
    <Filter Include="Logger">
      <UniqueIdentifier>{48c92b23-f02e-4455-9b35-97f934d2659f}</UniqueIdentifier>
    </Filter>
    <Filter Include="Invoker">
      <UniqueIdentifier>{28be9d3c-f74f-4d18-a043-08d5aa8fadf0}</UniqueIdentifier>
    </Filter>
  </ItemGroup>
  <ItemGroup>
    <ClInclude Include="targetver.h">
      <Filter>Headerdateien</Filter>
    </ClInclude>
    <ClInclude Include="include\plugin_definitions.h">
      <Filter>include</Filter>
    </ClInclude>
    <ClInclude Include="include\ts3_functions.h">
      <Filter>include</Filter>
    </ClInclude>
    <ClInclude Include="include\teamspeak\public_errors.h">
      <Filter>include\teamspeak</Filter>
    </ClInclude>
    <ClInclude Include="include\teamspeak\public_errors_rare.h">
      <Filter>include\teamspeak</Filter>
    </ClInclude>
    <ClInclude Include="include\teamspeak\public_rare_definitions.h">
      <Filter>include\teamspeak</Filter>
    </ClInclude>
    <ClInclude Include="include\teamspeak\clientlib_publicdefinitions.h">
      <Filter>include\teamspeak</Filter>
    </ClInclude>
    <ClInclude Include="include\teamspeak\public_definitions.h">
      <Filter>include\teamspeak</Filter>
    </ClInclude>
    <ClInclude Include="include\teamlog\logtypes.h">
      <Filter>include\teamlog</Filter>
    </ClInclude>
    <ClInclude Include="resources.h">
      <Filter>Headerdateien</Filter>
    </ClInclude>
    <ClInclude Include="plugin.h" />
    <ClInclude Include="menu.h">
      <Filter>Menu Items</Filter>
    </ClInclude>
    <ClInclude Include="stdafx.h">
      <Filter>Headerdateien</Filter>
    </ClInclude>
    <ClInclude Include="Logger.h">
      <Filter>Logger</Filter>
    </ClInclude>
    <ClInclude Include="Invoker.h">
      <Filter>Invoker</Filter>
    </ClInclude>
  </ItemGroup>
  <ItemGroup>
    <ClCompile Include="plugin.cpp" />
    <ClCompile Include="menu.cpp">
      <Filter>Menu Items</Filter>
    </ClCompile>
    <ClCompile Include="stdafx.cpp" />
    <ClCompile Include="Logger.cpp">
      <Filter>Logger</Filter>
    </ClCompile>
    <ClCompile Include="Invoker.cpp">
      <Filter>Invoker</Filter>
    </ClCompile>
  </ItemGroup>
  <ItemGroup>
    <Image Include="res\icons\3.png">
      <Filter>include\res\icons</Filter>
    </Image>
    <Image Include="res\icons\t.png">
      <Filter>include\res\icons</Filter>
    </Image>
    <Image Include="res\icons\1.png">
      <Filter>include\res\icons</Filter>
    </Image>
    <Image Include="res\icons\2.png">
      <Filter>include\res\icons</Filter>
    </Image>
  </ItemGroup>
</Project>